
Microsoft Visual Studio Solution File, Format Version 12.00
# Visual Studio Express 2012 for Windows Desktop
Project("{F184B08F-C81C-45F6-A57F-5ABD9991F28F}") = "UAS", "UAS\UAS.vbproj", "{C3C9ECAE-670A-46CC-A89B-78D540E316ED}"
EndProject
Global
	GlobalSection(SolutionConfigurationPlatforms) = preSolution
		Debug|Any CPU = Debug|Any CPU
		Release|Any CPU = Release|Any CPU
	EndGlobalSection
	GlobalSection(ProjectConfigurationPlatforms) = postSolution
		{C3C9ECAE-670A-46CC-A89B-78D540E316ED}.Debug|Any CPU.ActiveCfg = Debug|Any CPU
		{C3C9ECAE-670A-46CC-A89B-78D540E316ED}.Debug|Any CPU.Build.0 = Debug|Any CPU
		{C3C9ECAE-670A-46CC-A89B-78D540E316ED}.Release|Any CPU.ActiveCfg = Release|Any CPU
		{C3C9ECAE-670A-46CC-A89B-78D540E316ED}.Release|Any CPU.Build.0 = Release|Any CPU
	EndGlobalSection
	GlobalSection(SolutionProperties) = preSolution
		HideSolutionNode = FALSE
	EndGlobalSection
EndGlobal
